
Microsoft Visual Studio Solution File, Format Version 12.00
# Visual Studio 15
VisualStudioVersion = 15.0.26124.0
MinimumVisualStudioVersion = 15.0.26124.0
Project("{FAE04EC0-301F-11D3-BF4B-00C04F79EFBC}") = "Aram.WebApi", "Aram.WebApi\Aram.WebApi.csproj", "{72C60E38-048F-4A8F-B39B-C19D1A97D2FB}"
EndProject
Project("{FAE04EC0-301F-11D3-BF4B-00C04F79EFBC}") = "Aram.DA", "Aram.DA\Aram.DA.csproj", "{4F3B193C-69D0-4A52-B398-5C91DD3954FC}"
EndProject
Project("{FAE04EC0-301F-11D3-BF4B-00C04F79EFBC}") = "Aram.Model", "Aram.Model\Aram.Model.csproj", "{08190A26-2041-4E91-B068-E05D197E4200}"
EndProject
Project("{FAE04EC0-301F-11D3-BF4B-00C04F79EFBC}") = "Aram.BSS", "Aram.BSS\Aram.BSS.csproj", "{4A9BC027-B60F-4305-90CB-839E4DE523C2}"
EndProject
Project("{FAE04EC0-301F-11D3-BF4B-00C04F79EFBC}") = "Aram.IOC", "Aram.IOC\Aram.IOC.csproj", "{203E1903-515A-4E7F-8008-3E9D0E4B1324}"
EndProject
Project("{FAE04EC0-301F-11D3-BF4B-00C04F79EFBC}") = "Aram.IDataAccess", "Aram.IDataAccess\Aram.IDataAccess.csproj", "{C3C403DE-BECC-4ADB-A57F-C8854D1F7676}"
EndProject
Project("{FAE04EC0-301F-11D3-BF4B-00C04F79EFBC}") = "Aram.IBSS", "Aram.IBSS\Aram.IBSS.csproj", "{0C7EEAFC-398A-42CB-BD68-A7E217E9C1C4}"
EndProject
Project("{FAE04EC0-301F-11D3-BF4B-00C04F79EFBC}") = "Aram.UnitTest", "Aram.UnitTest\Aram.UnitTest.csproj", "{32BA2F92-9ABA-4EAA-842A-5BD42CE7BE0B}"
EndProject
Global
	GlobalSection(SolutionConfigurationPlatforms) = preSolution
		Debug|Any CPU = Debug|Any CPU
		Debug|x64 = Debug|x64
		Debug|x86 = Debug|x86
		Release|Any CPU = Release|Any CPU
		Release|x64 = Release|x64
		Release|x86 = Release|x86
	EndGlobalSection
	GlobalSection(SolutionProperties) = preSolution
		HideSolutionNode = FALSE
	EndGlobalSection
	GlobalSection(ProjectConfigurationPlatforms) = postSolution
		{4F3B193C-69D0-4A52-B398-5C91DD3954FC}.Debug|Any CPU.ActiveCfg = Debug|Any CPU
		{4F3B193C-69D0-4A52-B398-5C91DD3954FC}.Debug|Any CPU.Build.0 = Debug|Any CPU
		{4F3B193C-69D0-4A52-B398-5C91DD3954FC}.Debug|x64.ActiveCfg = Debug|Any CPU
		{4F3B193C-69D0-4A52-B398-5C91DD3954FC}.Debug|x64.Build.0 = Debug|Any CPU
		{4F3B193C-69D0-4A52-B398-5C91DD3954FC}.Debug|x86.ActiveCfg = Debug|Any CPU
		{4F3B193C-69D0-4A52-B398-5C91DD3954FC}.Debug|x86.Build.0 = Debug|Any CPU
		{4F3B193C-69D0-4A52-B398-5C91DD3954FC}.Release|Any CPU.ActiveCfg = Release|Any CPU
		{4F3B193C-69D0-4A52-B398-5C91DD3954FC}.Release|Any CPU.Build.0 = Release|Any CPU
		{4F3B193C-69D0-4A52-B398-5C91DD3954FC}.Release|x64.ActiveCfg = Release|Any CPU
		{4F3B193C-69D0-4A52-B398-5C91DD3954FC}.Release|x64.Build.0 = Release|Any CPU
		{4F3B193C-69D0-4A52-B398-5C91DD3954FC}.Release|x86.ActiveCfg = Release|Any CPU
		{4F3B193C-69D0-4A52-B398-5C91DD3954FC}.Release|x86.Build.0 = Release|Any CPU
		{08190A26-2041-4E91-B068-E05D197E4200}.Debug|Any CPU.ActiveCfg = Debug|Any CPU
		{08190A26-2041-4E91-B068-E05D197E4200}.Debug|Any CPU.Build.0 = Debug|Any CPU
		{08190A26-2041-4E91-B068-E05D197E4200}.Debug|x64.ActiveCfg = Debug|Any CPU
		{08190A26-2041-4E91-B068-E05D197E4200}.Debug|x64.Build.0 = Debug|Any CPU
		{08190A26-2041-4E91-B068-E05D197E4200}.Debug|x86.ActiveCfg = Debug|Any CPU
		{08190A26-2041-4E91-B068-E05D197E4200}.Debug|x86.Build.0 = Debug|Any CPU
		{08190A26-2041-4E91-B068-E05D197E4200}.Release|Any CPU.ActiveCfg = Release|Any CPU
		{08190A26-2041-4E91-B068-E05D197E4200}.Release|Any CPU.Build.0 = Release|Any CPU
		{08190A26-2041-4E91-B068-E05D197E4200}.Release|x64.ActiveCfg = Release|Any CPU
		{08190A26-2041-4E91-B068-E05D197E4200}.Release|x64.Build.0 = Release|Any CPU
		{08190A26-2041-4E91-B068-E05D197E4200}.Release|x86.ActiveCfg = Release|Any CPU
		{08190A26-2041-4E91-B068-E05D197E4200}.Release|x86.Build.0 = Release|Any CPU
		{4A9BC027-B60F-4305-90CB-839E4DE523C2}.Debug|Any CPU.ActiveCfg = Debug|Any CPU
		{4A9BC027-B60F-4305-90CB-839E4DE523C2}.Debug|Any CPU.Build.0 = Debug|Any CPU
		{4A9BC027-B60F-4305-90CB-839E4DE523C2}.Debug|x64.ActiveCfg = Debug|Any CPU
		{4A9BC027-B60F-4305-90CB-839E4DE523C2}.Debug|x64.Build.0 = Debug|Any CPU
		{4A9BC027-B60F-4305-90CB-839E4DE523C2}.Debug|x86.ActiveCfg = Debug|Any CPU
		{4A9BC027-B60F-4305-90CB-839E4DE523C2}.Debug|x86.Build.0 = Debug|Any CPU
		{4A9BC027-B60F-4305-90CB-839E4DE523C2}.Release|Any CPU.ActiveCfg = Release|Any CPU
		{4A9BC027-B60F-4305-90CB-839E4DE523C2}.Release|Any CPU.Build.0 = Release|Any CPU
		{4A9BC027-B60F-4305-90CB-839E4DE523C2}.Release|x64.ActiveCfg = Release|Any CPU
		{4A9BC027-B60F-4305-90CB-839E4DE523C2}.Release|x64.Build.0 = Release|Any CPU
		{4A9BC027-B60F-4305-90CB-839E4DE523C2}.Release|x86.ActiveCfg = Release|Any CPU
		{4A9BC027-B60F-4305-90CB-839E4DE523C2}.Release|x86.Build.0 = Release|Any CPU
		{72C60E38-048F-4A8F-B39B-C19D1A97D2FB}.Debug|Any CPU.ActiveCfg = Debug|Any CPU
		{72C60E38-048F-4A8F-B39B-C19D1A97D2FB}.Debug|Any CPU.Build.0 = Debug|Any CPU
		{72C60E38-048F-4A8F-B39B-C19D1A97D2FB}.Debug|x64.ActiveCfg = Debug|Any CPU
		{72C60E38-048F-4A8F-B39B-C19D1A97D2FB}.Debug|x64.Build.0 = Debug|Any CPU
		{72C60E38-048F-4A8F-B39B-C19D1A97D2FB}.Debug|x86.ActiveCfg = Debug|Any CPU
		{72C60E38-048F-4A8F-B39B-C19D1A97D2FB}.Debug|x86.Build.0 = Debug|Any CPU
		{72C60E38-048F-4A8F-B39B-C19D1A97D2FB}.Release|Any CPU.ActiveCfg = Release|Any CPU
		{72C60E38-048F-4A8F-B39B-C19D1A97D2FB}.Release|Any CPU.Build.0 = Release|Any CPU
		{72C60E38-048F-4A8F-B39B-C19D1A97D2FB}.Release|x64.ActiveCfg = Release|Any CPU
		{72C60E38-048F-4A8F-B39B-C19D1A97D2FB}.Release|x64.Build.0 = Release|Any CPU
		{72C60E38-048F-4A8F-B39B-C19D1A97D2FB}.Release|x86.ActiveCfg = Release|Any CPU
		{72C60E38-048F-4A8F-B39B-C19D1A97D2FB}.Release|x86.Build.0 = Release|Any CPU
		{203E1903-515A-4E7F-8008-3E9D0E4B1324}.Debug|Any CPU.ActiveCfg = Debug|Any CPU
		{203E1903-515A-4E7F-8008-3E9D0E4B1324}.Debug|Any CPU.Build.0 = Debug|Any CPU
		{203E1903-515A-4E7F-8008-3E9D0E4B1324}.Debug|x64.ActiveCfg = Debug|Any CPU
		{203E1903-515A-4E7F-8008-3E9D0E4B1324}.Debug|x64.Build.0 = Debug|Any CPU
		{203E1903-515A-4E7F-8008-3E9D0E4B1324}.Debug|x86.ActiveCfg = Debug|Any CPU
		{203E1903-515A-4E7F-8008-3E9D0E4B1324}.Debug|x86.Build.0 = Debug|Any CPU
		{203E1903-515A-4E7F-8008-3E9D0E4B1324}.Release|Any CPU.ActiveCfg = Release|Any CPU
		{203E1903-515A-4E7F-8008-3E9D0E4B1324}.Release|Any CPU.Build.0 = Release|Any CPU
		{203E1903-515A-4E7F-8008-3E9D0E4B1324}.Release|x64.ActiveCfg = Release|Any CPU
		{203E1903-515A-4E7F-8008-3E9D0E4B1324}.Release|x64.Build.0 = Release|Any CPU
		{203E1903-515A-4E7F-8008-3E9D0E4B1324}.Release|x86.ActiveCfg = Release|Any CPU
		{203E1903-515A-4E7F-8008-3E9D0E4B1324}.Release|x86.Build.0 = Release|Any CPU
		{C3C403DE-BECC-4ADB-A57F-C8854D1F7676}.Debug|Any CPU.ActiveCfg = Debug|Any CPU
		{C3C403DE-BECC-4ADB-A57F-C8854D1F7676}.Debug|Any CPU.Build.0 = Debug|Any CPU
		{C3C403DE-BECC-4ADB-A57F-C8854D1F7676}.Debug|x64.ActiveCfg = Debug|Any CPU
		{C3C403DE-BECC-4ADB-A57F-C8854D1F7676}.Debug|x64.Build.0 = Debug|Any CPU
		{C3C403DE-BECC-4ADB-A57F-C8854D1F7676}.Debug|x86.ActiveCfg = Debug|Any CPU
		{C3C403DE-BECC-4ADB-A57F-C8854D1F7676}.Debug|x86.Build.0 = Debug|Any CPU
		{C3C403DE-BECC-4ADB-A57F-C8854D1F7676}.Release|Any CPU.ActiveCfg = Release|Any CPU
		{C3C403DE-BECC-4ADB-A57F-C8854D1F7676}.Release|Any CPU.Build.0 = Release|Any CPU
		{C3C403DE-BECC-4ADB-A57F-C8854D1F7676}.Release|x64.ActiveCfg = Release|Any CPU
		{C3C403DE-BECC-4ADB-A57F-C8854D1F7676}.Release|x64.Build.0 = Release|Any CPU
		{C3C403DE-BECC-4ADB-A57F-C8854D1F7676}.Release|x86.ActiveCfg = Release|Any CPU
		{C3C403DE-BECC-4ADB-A57F-C8854D1F7676}.Release|x86.Build.0 = Release|Any CPU
		{0C7EEAFC-398A-42CB-BD68-A7E217E9C1C4}.Debug|Any CPU.ActiveCfg = Debug|Any CPU
		{0C7EEAFC-398A-42CB-BD68-A7E217E9C1C4}.Debug|Any CPU.Build.0 = Debug|Any CPU
		{0C7EEAFC-398A-42CB-BD68-A7E217E9C1C4}.Debug|x64.ActiveCfg = Debug|Any CPU
		{0C7EEAFC-398A-42CB-BD68-A7E217E9C1C4}.Debug|x64.Build.0 = Debug|Any CPU
		{0C7EEAFC-398A-42CB-BD68-A7E217E9C1C4}.Debug|x86.ActiveCfg = Debug|Any CPU
		{0C7EEAFC-398A-42CB-BD68-A7E217E9C1C4}.Debug|x86.Build.0 = Debug|Any CPU
		{0C7EEAFC-398A-42CB-BD68-A7E217E9C1C4}.Release|Any CPU.ActiveCfg = Release|Any CPU
		{0C7EEAFC-398A-42CB-BD68-A7E217E9C1C4}.Release|Any CPU.Build.0 = Release|Any CPU
		{0C7EEAFC-398A-42CB-BD68-A7E217E9C1C4}.Release|x64.ActiveCfg = Release|Any CPU
		{0C7EEAFC-398A-42CB-BD68-A7E217E9C1C4}.Release|x64.Build.0 = Release|Any CPU
		{0C7EEAFC-398A-42CB-BD68-A7E217E9C1C4}.Release|x86.ActiveCfg = Release|Any CPU
		{0C7EEAFC-398A-42CB-BD68-A7E217E9C1C4}.Release|x86.Build.0 = Release|Any CPU
		{32BA2F92-9ABA-4EAA-842A-5BD42CE7BE0B}.Debug|Any CPU.ActiveCfg = Debug|Any CPU
		{32BA2F92-9ABA-4EAA-842A-5BD42CE7BE0B}.Debug|Any CPU.Build.0 = Debug|Any CPU
		{32BA2F92-9ABA-4EAA-842A-5BD42CE7BE0B}.Debug|x64.ActiveCfg = Debug|Any CPU
		{32BA2F92-9ABA-4EAA-842A-5BD42CE7BE0B}.Debug|x64.Build.0 = Debug|Any CPU
		{32BA2F92-9ABA-4EAA-842A-5BD42CE7BE0B}.Debug|x86.ActiveCfg = Debug|Any CPU
		{32BA2F92-9ABA-4EAA-842A-5BD42CE7BE0B}.Debug|x86.Build.0 = Debug|Any CPU
		{32BA2F92-9ABA-4EAA-842A-5BD42CE7BE0B}.Release|Any CPU.ActiveCfg = Release|Any CPU
		{32BA2F92-9ABA-4EAA-842A-5BD42CE7BE0B}.Release|Any CPU.Build.0 = Release|Any CPU
		{32BA2F92-9ABA-4EAA-842A-5BD42CE7BE0B}.Release|x64.ActiveCfg = Release|Any CPU
		{32BA2F92-9ABA-4EAA-842A-5BD42CE7BE0B}.Release|x64.Build.0 = Release|Any CPU
		{32BA2F92-9ABA-4EAA-842A-5BD42CE7BE0B}.Release|x86.ActiveCfg = Release|Any CPU
		{32BA2F92-9ABA-4EAA-842A-5BD42CE7BE0B}.Release|x86.Build.0 = Release|Any CPU
	EndGlobalSection
EndGlobal
